{
  "nodes": {
    "fenix": {
      "inputs": {
        "nixpkgs": [
          "sharedInputs",
          "nixpkgs-home"
        ],
        "rust-analyzer-src": "rust-analyzer-src"
      },
      "locked": {
        "lastModified": 1746254111,
        "narHash": "sha256-O7BzWR3DW85zUC2ex0WSX5UPmjM0VMDUQa1dvmd8p5Y=",
        "owner": "nix-community",
        "repo": "fenix",
        "rev": "63ff4f9bbe7dd9825b31b987c451ad272c32669f",
        "type": "github"
      },
      "original": {
        "owner": "nix-community",
        "repo": "fenix",
        "type": "github"
      }
    },
    "flake-compat": {
      "flake": false,
      "locked": {
        "lastModified": 1746162366,
        "narHash": "sha256-5SSSZ/oQkwfcAz/o/6TlejlVGqeK08wyREBQ5qFFPhM=",
        "owner": "nix-community",
        "repo": "flake-compat",
        "rev": "0f158086a2ecdbb138cd0429410e44994f1b7e4b",
        "type": "github"
      },
      "original": {
        "owner": "nix-community",
        "repo": "flake-compat",
        "type": "github"
      }
    },
    "flake-utils": {
      "inputs": {
        "systems": "systems"
      },
      "locked": {
        "lastModified": 1731533236,
        "narHash": "sha256-l0KFg5HjrsfsO/JpG+r7fRrqm12kzFHyUHqHCVpMMbI=",
        "owner": "numtide",
        "repo": "flake-utils",
        "rev": "11707dc2f618dd54ca8739b309ec4fc024de578b",
        "type": "github"
      },
      "original": {
        "owner": "numtide",
        "repo": "flake-utils",
        "type": "github"
      }
    },
    "home-manager": {
      "inputs": {
        "nixpkgs": [
          "sharedInputs",
          "nixpkgs-home"
        ]
      },
      "locked": {
        "lastModified": 1746171682,
        "narHash": "sha256-EyXUNSa+H+YvGVuQJP1nZskXAowxKYp79RNUsNdQTj4=",
        "owner": "nix-community",
        "repo": "home-manager",
        "rev": "50eee705bbdbac942074a8c120e8194185633675",
        "type": "github"
      },
      "original": {
        "owner": "nix-community",
        "ref": "release-24.11",
        "repo": "home-manager",
        "type": "github"
      }
    },
    "nixos-cosmic": {
      "inputs": {
        "flake-compat": "flake-compat",
        "nixpkgs": [
          "sharedInputs",
          "nixpkgs-stable"
        ],
        "nixpkgs-stable": "nixpkgs-stable",
        "rust-overlay": "rust-overlay"
      },
      "locked": {
        "lastModified": 1746270539,
        "narHash": "sha256-TEJGIS4DALrsnU4599WR+XUD67EEY8LeOXcHnMreKw0=",
        "owner": "lilyinstarlight",
        "repo": "nixos-cosmic",
        "rev": "4a755a6886b93fd8410782172e2356fef0eadccc",
        "type": "github"
      },
      "original": {
        "owner": "lilyinstarlight",
        "repo": "nixos-cosmic",
        "type": "github"
      }
    },
    "nixpkgs-stable": {
      "locked": {
        "lastModified": 1746183838,
        "narHash": "sha256-kwaaguGkAqTZ1oK0yXeQ3ayYjs8u/W7eEfrFpFfIDFA=",
        "owner": "NixOS",
        "repo": "nixpkgs",
        "rev": "bf3287dac860542719fe7554e21e686108716879",
        "type": "github"
      },
      "original": {
        "owner": "NixOS",
        "ref": "nixos-24.11",
        "repo": "nixpkgs",
        "type": "github"
      }
    },
    "root": {
      "inputs": {
        "nixos-cosmic": [
          "sharedInputs",
          "nixos-cosmic"
        ],
        "nixpkgs": [
          "sharedInputs",
          "nixpkgs-nixos"
        ],
        "sharedInputs": "sharedInputs"
      }
    },
    "rust-analyzer-src": {
      "flake": false,
      "locked": {
        "lastModified": 1746218904,
        "narHash": "sha256-GQJFWnUbBqqcittTOrS131+OkeNki2dJTGJTdXM6bhk=",
        "owner": "rust-lang",
        "repo": "rust-analyzer",
        "rev": "6f9c62dfec1570e13ab625be0441510ed299843a",
        "type": "github"
      },
      "original": {
        "owner": "rust-lang",
        "ref": "nightly",
        "repo": "rust-analyzer",
        "type": "github"
      }
    },
    "rust-overlay": {
      "inputs": {
        "nixpkgs": [
          "sharedInputs",
          "nixos-cosmic",
          "nixpkgs"
        ]
      },
      "locked": {
        "lastModified": 1746239644,
        "narHash": "sha256-wMvMBMlpS1H8CQdSSgpLeoCWS67ciEkN/GVCcwk7Apc=",
        "owner": "oxalica",
        "repo": "rust-overlay",
        "rev": "bd32e88bef6da0e021a42fb4120a8df2150e9b8c",
        "type": "github"
      },
      "original": {
        "owner": "oxalica",
        "repo": "rust-overlay",
        "type": "github"
      }
    },
    "sharedInputs": {
      "inputs": {
        "fenix": "fenix",
        "flake-utils": "flake-utils",
        "home-manager": "home-manager",
        "nixos-cosmic": "nixos-cosmic",
        "nixpkgs-home": [
          "sharedInputs",
          "nixpkgs-stable"
        ],
        "nixpkgs-nixos": [
          "sharedInputs",
          "nixpkgs-stable"
        ],
        "nixpkgs-stable": [
          "sharedInputs",
          "nixos-cosmic",
          "nixpkgs-stable"
        ]
      },
      "locked": {
        "lastModified": 1746350795,
        "narHash": "sha256-HusWSUnKtLIFVCny9zSg6ReLzVAy0zPYqeZhRs/B+3o=",
        "path": "/home/vincent/Nextcloud/nixos/flakes/shared",
        "type": "path"
      },
      "original": {
        "path": "/home/vincent/Nextcloud/nixos/flakes/shared",
        "type": "path"
      }
    },
    "systems": {
      "locked": {
        "lastModified": 1681028828,
        "narHash": "sha256-Vy1rq5AaRuLzOxct8nz4T6wlgyUR7zLU309k9mBC768=",
        "owner": "nix-systems",
        "repo": "default",
        "rev": "da67096a3b9bf56a91d16901293e51ba5b49a27e",
        "type": "github"
      },
      "original": {
        "owner": "nix-systems",
        "repo": "default",
        "type": "github"
      }
    }
  },
  "root": "root",
  "version": 7
}
